[ "hackney": {:git, "git://github.com/benoitc/hackney.git", "05c5aa94b8fc18050d210292de09307254804b82", [{:ref, "05c5aa94b8fc18050d210292de09307254804b82"}]},
  "jsex": {:git, "git://github.com/talentdeficit/jsex.git", "e870b17fe168f5cc87505c88e578858532bd0d66", []},
  "jsx": {:git, "git://github.com/talentdeficit/jsx.git", "352d6b21cbec4fe1b66bc7ce3ded67a3b32add2c", [{:tag, "v1.4.2"}]},
  "mimetypes": {:git, "https://github.com/spawngrid/mimetypes.git", "47d37a977a7d633199822bf6b08353007483d00f", [{:ref, "master"}]},
  "reap": {:git, "git://github.com/Raynes/reap.git", "f55dfd631f5afdb36d3e43350dd40cd66d69aa60", [{:ref, "f55dfd631f5afdb36d3e43350dd40cd66d69aa60"}]} ]
